
Microsoft Visual Studio Solution File, Format Version 11.00
# Visual Studio 2010
Project("{FAE04EC0-301F-11D3-BF4B-00C04F79EFBC}") = "Zak.Setup", "Zak.Setup\Zak.Setup.csproj", "{45362B94-13EF-4D9F-A071-DF1E870829CD}"
EndProject
Project("{FAE04EC0-301F-11D3-BF4B-00C04F79EFBC}") = "Zak.Setup.Core", "Zak.Setup.Core\Zak.Setup.Core.csproj", "{E3712B53-607B-4AB1-BEA6-518F6D52A461}"
EndProject
Project("{FAE04EC0-301F-11D3-BF4B-00C04F79EFBC}") = "Zak.Setup.Interfaces", "Zak.Setup.Interfaces\Zak.Setup.Interfaces.csproj", "{05187396-B99C-4AE8-8416-CB1C0B01307B}"
EndProject
Project("{FAE04EC0-301F-11D3-BF4B-00C04F79EFBC}") = "Zak.Setup.Services", "Zak.Setup.Services\Zak.Setup.Services.csproj", "{9F339969-5D20-42B7-B426-BAB37DF28494}"
EndProject
Project("{FAE04EC0-301F-11D3-BF4B-00C04F79EFBC}") = "Zak.Setup.IIS6", "Zak.Setup.IIS6\Zak.Setup.IIS6.csproj", "{7710AB52-62CD-465F-A0E8-5BFDD8E51B21}"
EndProject
Project("{FAE04EC0-301F-11D3-BF4B-00C04F79EFBC}") = "Zak.Setup.IIS7", "Zak.Setup.IIS7\Zak.Setup.IIS7.csproj", "{774F575A-4974-4480-A700-08F996F2A929}"
EndProject
Project("{FAE04EC0-301F-11D3-BF4B-00C04F79EFBC}") = "Zak.Setup.Commons", "Zak.Setup.Commons\Zak.Setup.Commons.csproj", "{98EDE16F-E38D-42B2-BFAC-E3489C4ECC1F}"
EndProject
Project("{2150E333-8FDC-42A3-9474-1A3956D46DE8}") = "src", "src", "{6F5985E7-BA4F-4051-8F9D-4A7A59F17286}"
EndProject
Project("{2150E333-8FDC-42A3-9474-1A3956D46DE8}") = "core", "core", "{1A4F5B51-E04D-4B92-A563-54C33BE3FF53}"
EndProject
Project("{2150E333-8FDC-42A3-9474-1A3956D46DE8}") = "plugins", "plugins", "{FAB5871C-E652-41B1-91C9-6B19024DD178}"
EndProject
Project("{FAE04EC0-301F-11D3-BF4B-00C04F79EFBC}") = "ConsoleTest", "ConsoleTest\ConsoleTest.csproj", "{35BDB814-83AE-4FF4-93C7-C04FAC610E75}"
EndProject
Project("{2150E333-8FDC-42A3-9474-1A3956D46DE8}") = "test", "test", "{249356A5-0C0A-44FD-9DD8-5B748BCFA461}"
EndProject
Project("{2150E333-8FDC-42A3-9474-1A3956D46DE8}") = "testApp", "testApp", "{6EE5AE6F-4CFB-4387-80D9-E6330EB5A9F7}"
EndProject
Project("{FAE04EC0-301F-11D3-BF4B-00C04F79EFBC}") = "WindowsService", "WindowsService\WindowsService.csproj", "{7C616735-FE08-4ADE-97F7-1F3305520248}"
	ProjectSection(ProjectDependencies) = postProject
		{1D6E6912-9447-4230-A7D6-B946C46CCB09} = {1D6E6912-9447-4230-A7D6-B946C46CCB09}
		{33B0AB12-AEDE-4187-991B-4B349A81AD84} = {33B0AB12-AEDE-4187-991B-4B349A81AD84}
		{7710AB52-62CD-465F-A0E8-5BFDD8E51B21} = {7710AB52-62CD-465F-A0E8-5BFDD8E51B21}
		{E3712B53-607B-4AB1-BEA6-518F6D52A461} = {E3712B53-607B-4AB1-BEA6-518F6D52A461}
		{774F575A-4974-4480-A700-08F996F2A929} = {774F575A-4974-4480-A700-08F996F2A929}
		{9F339969-5D20-42B7-B426-BAB37DF28494} = {9F339969-5D20-42B7-B426-BAB37DF28494}
		{98EDE16F-E38D-42B2-BFAC-E3489C4ECC1F} = {98EDE16F-E38D-42B2-BFAC-E3489C4ECC1F}
		{97EA3D81-29B6-4A81-AFB7-111A415F4BD5} = {97EA3D81-29B6-4A81-AFB7-111A415F4BD5}
		{45362B94-13EF-4D9F-A071-DF1E870829CD} = {45362B94-13EF-4D9F-A071-DF1E870829CD}
		{05187396-B99C-4AE8-8416-CB1C0B01307B} = {05187396-B99C-4AE8-8416-CB1C0B01307B}
		{9D57AEA1-4080-427F-AE90-B71EEEF111B0} = {9D57AEA1-4080-427F-AE90-B71EEEF111B0}
		{6BC81DDC-3B2A-454F-B988-AA3A34B1D75F} = {6BC81DDC-3B2A-454F-B988-AA3A34B1D75F}
	EndProjectSection
EndProject
Project("{FAE04EC0-301F-11D3-BF4B-00C04F79EFBC}") = "ConsoleApplication", "ConsoleApplication\ConsoleApplication.csproj", "{44492B39-159E-454D-A41A-B3C3FCBC7A99}"
	ProjectSection(ProjectDependencies) = postProject
		{1D6E6912-9447-4230-A7D6-B946C46CCB09} = {1D6E6912-9447-4230-A7D6-B946C46CCB09}
		{33B0AB12-AEDE-4187-991B-4B349A81AD84} = {33B0AB12-AEDE-4187-991B-4B349A81AD84}
		{7710AB52-62CD-465F-A0E8-5BFDD8E51B21} = {7710AB52-62CD-465F-A0E8-5BFDD8E51B21}
		{E3712B53-607B-4AB1-BEA6-518F6D52A461} = {E3712B53-607B-4AB1-BEA6-518F6D52A461}
		{774F575A-4974-4480-A700-08F996F2A929} = {774F575A-4974-4480-A700-08F996F2A929}
		{9F339969-5D20-42B7-B426-BAB37DF28494} = {9F339969-5D20-42B7-B426-BAB37DF28494}
		{98EDE16F-E38D-42B2-BFAC-E3489C4ECC1F} = {98EDE16F-E38D-42B2-BFAC-E3489C4ECC1F}
		{97EA3D81-29B6-4A81-AFB7-111A415F4BD5} = {97EA3D81-29B6-4A81-AFB7-111A415F4BD5}
		{45362B94-13EF-4D9F-A071-DF1E870829CD} = {45362B94-13EF-4D9F-A071-DF1E870829CD}
		{05187396-B99C-4AE8-8416-CB1C0B01307B} = {05187396-B99C-4AE8-8416-CB1C0B01307B}
		{9D57AEA1-4080-427F-AE90-B71EEEF111B0} = {9D57AEA1-4080-427F-AE90-B71EEEF111B0}
		{6BC81DDC-3B2A-454F-B988-AA3A34B1D75F} = {6BC81DDC-3B2A-454F-B988-AA3A34B1D75F}
	EndProjectSection
EndProject
Project("{FAE04EC0-301F-11D3-BF4B-00C04F79EFBC}") = "Zak.Setup.BatchRunner", "Zak.Setup.BatchRunner\Zak.Setup.BatchRunner.csproj", "{97EA3D81-29B6-4A81-AFB7-111A415F4BD5}"
EndProject
Project("{FAE04EC0-301F-11D3-BF4B-00C04F79EFBC}") = "SampleSetupDll", "SampleSetupDll\SampleSetupDll.csproj", "{33B0AB12-AEDE-4187-991B-4B349A81AD84}"
EndProject
Project("{FAE04EC0-301F-11D3-BF4B-00C04F79EFBC}") = "WebApplication", "WebApplication\WebApplication.csproj", "{41211EFF-F286-4DFA-8BF4-B46A16087C42}"
	ProjectSection(ProjectDependencies) = postProject
		{1D6E6912-9447-4230-A7D6-B946C46CCB09} = {1D6E6912-9447-4230-A7D6-B946C46CCB09}
		{33B0AB12-AEDE-4187-991B-4B349A81AD84} = {33B0AB12-AEDE-4187-991B-4B349A81AD84}
		{7710AB52-62CD-465F-A0E8-5BFDD8E51B21} = {7710AB52-62CD-465F-A0E8-5BFDD8E51B21}
		{E3712B53-607B-4AB1-BEA6-518F6D52A461} = {E3712B53-607B-4AB1-BEA6-518F6D52A461}
		{774F575A-4974-4480-A700-08F996F2A929} = {774F575A-4974-4480-A700-08F996F2A929}
		{9F339969-5D20-42B7-B426-BAB37DF28494} = {9F339969-5D20-42B7-B426-BAB37DF28494}
		{98EDE16F-E38D-42B2-BFAC-E3489C4ECC1F} = {98EDE16F-E38D-42B2-BFAC-E3489C4ECC1F}
		{97EA3D81-29B6-4A81-AFB7-111A415F4BD5} = {97EA3D81-29B6-4A81-AFB7-111A415F4BD5}
		{45362B94-13EF-4D9F-A071-DF1E870829CD} = {45362B94-13EF-4D9F-A071-DF1E870829CD}
		{05187396-B99C-4AE8-8416-CB1C0B01307B} = {05187396-B99C-4AE8-8416-CB1C0B01307B}
		{9D57AEA1-4080-427F-AE90-B71EEEF111B0} = {9D57AEA1-4080-427F-AE90-B71EEEF111B0}
		{6BC81DDC-3B2A-454F-B988-AA3A34B1D75F} = {6BC81DDC-3B2A-454F-B988-AA3A34B1D75F}
	EndProjectSection
EndProject
Project("{FAE04EC0-301F-11D3-BF4B-00C04F79EFBC}") = "Zak.Setup.Packager", "Zak.Setup.Packager\Zak.Setup.Packager.csproj", "{1D6E6912-9447-4230-A7D6-B946C46CCB09}"
EndProject
Project("{FAE04EC0-301F-11D3-BF4B-00C04F79EFBC}") = "Zak.Setup.Runner", "Zak.Setup.Runner\Zak.Setup.Runner.csproj", "{6BC81DDC-3B2A-454F-B988-AA3A34B1D75F}"
EndProject
Project("{FAE04EC0-301F-11D3-BF4B-00C04F79EFBC}") = "Zak.Setup.CleanUp", "Zak.Setup.CleanUp\Zak.Setup.CleanUp.csproj", "{9D57AEA1-4080-427F-AE90-B71EEEF111B0}"
EndProject
Project("{2150E333-8FDC-42A3-9474-1A3956D46DE8}") = ".nuget", ".nuget", "{C3AFEAF6-62B9-4FED-9138-BC8C9296696E}"
	ProjectSection(SolutionItems) = preProject
		.nuget\NuGet.Config = .nuget\NuGet.Config
		.nuget\NuGet.exe = .nuget\NuGet.exe
		.nuget\NuGet.targets = .nuget\NuGet.targets
	EndProjectSection
EndProject
Project("{FAE04EC0-301F-11D3-BF4B-00C04F79EFBC}") = "CoreNugetPackager", "CoreNugetPackager\CoreNugetPackager.csproj", "{5B0207E6-611D-45CA-848F-E150DB2ED369}"
EndProject
Project("{2150E333-8FDC-42A3-9474-1A3956D46DE8}") = "Solution Items", "Solution Items", "{7973BBA4-03B9-47BE-BF21-A9BE7CE57E14}"
	ProjectSection(SolutionItems) = preProject
		Readme.txt = Readme.txt
	EndProjectSection
EndProject
Global
	GlobalSection(SolutionConfigurationPlatforms) = preSolution
		Debug|Any CPU = Debug|Any CPU
		Debug|Mixed Platforms = Debug|Mixed Platforms
		Debug|x86 = Debug|x86
		Release|Any CPU = Release|Any CPU
		Release|Mixed Platforms = Release|Mixed Platforms
		Release|x86 = Release|x86
	EndGlobalSection
	GlobalSection(ProjectConfigurationPlatforms) = postSolution
		{45362B94-13EF-4D9F-A071-DF1E870829CD}.Debug|Any CPU.ActiveCfg = Debug|x86
		{45362B94-13EF-4D9F-A071-DF1E870829CD}.Debug|Mixed Platforms.ActiveCfg = Debug|x86
		{45362B94-13EF-4D9F-A071-DF1E870829CD}.Debug|Mixed Platforms.Build.0 = Debug|x86
		{45362B94-13EF-4D9F-A071-DF1E870829CD}.Debug|x86.ActiveCfg = Debug|x86
		{45362B94-13EF-4D9F-A071-DF1E870829CD}.Debug|x86.Build.0 = Debug|x86
		{45362B94-13EF-4D9F-A071-DF1E870829CD}.Release|Any CPU.ActiveCfg = Release|x86
		{45362B94-13EF-4D9F-A071-DF1E870829CD}.Release|Mixed Platforms.ActiveCfg = Release|x86
		{45362B94-13EF-4D9F-A071-DF1E870829CD}.Release|Mixed Platforms.Build.0 = Release|x86
		{45362B94-13EF-4D9F-A071-DF1E870829CD}.Release|x86.ActiveCfg = Release|x86
		{45362B94-13EF-4D9F-A071-DF1E870829CD}.Release|x86.Build.0 = Release|x86
		{E3712B53-607B-4AB1-BEA6-518F6D52A461}.Debug|Any CPU.ActiveCfg = Debug|Any CPU
		{E3712B53-607B-4AB1-BEA6-518F6D52A461}.Debug|Any CPU.Build.0 = Debug|Any CPU
		{E3712B53-607B-4AB1-BEA6-518F6D52A461}.Debug|Mixed Platforms.ActiveCfg = Debug|Any CPU
		{E3712B53-607B-4AB1-BEA6-518F6D52A461}.Debug|Mixed Platforms.Build.0 = Debug|Any CPU
		{E3712B53-607B-4AB1-BEA6-518F6D52A461}.Debug|x86.ActiveCfg = Debug|Any CPU
		{E3712B53-607B-4AB1-BEA6-518F6D52A461}.Release|Any CPU.ActiveCfg = Release|Any CPU
		{E3712B53-607B-4AB1-BEA6-518F6D52A461}.Release|Any CPU.Build.0 = Release|Any CPU
		{E3712B53-607B-4AB1-BEA6-518F6D52A461}.Release|Mixed Platforms.ActiveCfg = Release|Any CPU
		{E3712B53-607B-4AB1-BEA6-518F6D52A461}.Release|Mixed Platforms.Build.0 = Release|Any CPU
		{E3712B53-607B-4AB1-BEA6-518F6D52A461}.Release|x86.ActiveCfg = Release|Any CPU
		{05187396-B99C-4AE8-8416-CB1C0B01307B}.Debug|Any CPU.ActiveCfg = Debug|Any CPU
		{05187396-B99C-4AE8-8416-CB1C0B01307B}.Debug|Any CPU.Build.0 = Debug|Any CPU
		{05187396-B99C-4AE8-8416-CB1C0B01307B}.Debug|Mixed Platforms.ActiveCfg = Debug|Any CPU
		{05187396-B99C-4AE8-8416-CB1C0B01307B}.Debug|Mixed Platforms.Build.0 = Debug|Any CPU
		{05187396-B99C-4AE8-8416-CB1C0B01307B}.Debug|x86.ActiveCfg = Debug|Any CPU
		{05187396-B99C-4AE8-8416-CB1C0B01307B}.Release|Any CPU.ActiveCfg = Release|Any CPU
		{05187396-B99C-4AE8-8416-CB1C0B01307B}.Release|Any CPU.Build.0 = Release|Any CPU
		{05187396-B99C-4AE8-8416-CB1C0B01307B}.Release|Mixed Platforms.ActiveCfg = Release|Any CPU
		{05187396-B99C-4AE8-8416-CB1C0B01307B}.Release|Mixed Platforms.Build.0 = Release|Any CPU
		{05187396-B99C-4AE8-8416-CB1C0B01307B}.Release|x86.ActiveCfg = Release|Any CPU
		{9F339969-5D20-42B7-B426-BAB37DF28494}.Debug|Any CPU.ActiveCfg = Debug|Any CPU
		{9F339969-5D20-42B7-B426-BAB37DF28494}.Debug|Any CPU.Build.0 = Debug|Any CPU
		{9F339969-5D20-42B7-B426-BAB37DF28494}.Debug|Mixed Platforms.ActiveCfg = Debug|Any CPU
		{9F339969-5D20-42B7-B426-BAB37DF28494}.Debug|Mixed Platforms.Build.0 = Debug|Any CPU
		{9F339969-5D20-42B7-B426-BAB37DF28494}.Debug|x86.ActiveCfg = Debug|Any CPU
		{9F339969-5D20-42B7-B426-BAB37DF28494}.Release|Any CPU.ActiveCfg = Release|Any CPU
		{9F339969-5D20-42B7-B426-BAB37DF28494}.Release|Any CPU.Build.0 = Release|Any CPU
		{9F339969-5D20-42B7-B426-BAB37DF28494}.Release|Mixed Platforms.ActiveCfg = Release|Any CPU
		{9F339969-5D20-42B7-B426-BAB37DF28494}.Release|Mixed Platforms.Build.0 = Release|Any CPU
		{9F339969-5D20-42B7-B426-BAB37DF28494}.Release|x86.ActiveCfg = Release|Any CPU
		{7710AB52-62CD-465F-A0E8-5BFDD8E51B21}.Debug|Any CPU.ActiveCfg = Debug|Any CPU
		{7710AB52-62CD-465F-A0E8-5BFDD8E51B21}.Debug|Any CPU.Build.0 = Debug|Any CPU
		{7710AB52-62CD-465F-A0E8-5BFDD8E51B21}.Debug|Mixed Platforms.ActiveCfg = Debug|Any CPU
		{7710AB52-62CD-465F-A0E8-5BFDD8E51B21}.Debug|Mixed Platforms.Build.0 = Debug|Any CPU
		{7710AB52-62CD-465F-A0E8-5BFDD8E51B21}.Debug|x86.ActiveCfg = Debug|Any CPU
		{7710AB52-62CD-465F-A0E8-5BFDD8E51B21}.Release|Any CPU.ActiveCfg = Release|Any CPU
		{7710AB52-62CD-465F-A0E8-5BFDD8E51B21}.Release|Any CPU.Build.0 = Release|Any CPU
		{7710AB52-62CD-465F-A0E8-5BFDD8E51B21}.Release|Mixed Platforms.ActiveCfg = Release|Any CPU
		{7710AB52-62CD-465F-A0E8-5BFDD8E51B21}.Release|Mixed Platforms.Build.0 = Release|Any CPU
		{7710AB52-62CD-465F-A0E8-5BFDD8E51B21}.Release|x86.ActiveCfg = Release|Any CPU
		{774F575A-4974-4480-A700-08F996F2A929}.Debug|Any CPU.ActiveCfg = Debug|Any CPU
		{774F575A-4974-4480-A700-08F996F2A929}.Debug|Any CPU.Build.0 = Debug|Any CPU
		{774F575A-4974-4480-A700-08F996F2A929}.Debug|Mixed Platforms.ActiveCfg = Debug|Any CPU
		{774F575A-4974-4480-A700-08F996F2A929}.Debug|Mixed Platforms.Build.0 = Debug|Any CPU
		{774F575A-4974-4480-A700-08F996F2A929}.Debug|x86.ActiveCfg = Debug|Any CPU
		{774F575A-4974-4480-A700-08F996F2A929}.Release|Any CPU.ActiveCfg = Release|Any CPU
		{774F575A-4974-4480-A700-08F996F2A929}.Release|Any CPU.Build.0 = Release|Any CPU
		{774F575A-4974-4480-A700-08F996F2A929}.Release|Mixed Platforms.ActiveCfg = Release|Any CPU
		{774F575A-4974-4480-A700-08F996F2A929}.Release|Mixed Platforms.Build.0 = Release|Any CPU
		{774F575A-4974-4480-A700-08F996F2A929}.Release|x86.ActiveCfg = Release|Any CPU
		{98EDE16F-E38D-42B2-BFAC-E3489C4ECC1F}.Debug|Any CPU.ActiveCfg = Debug|Any CPU
		{98EDE16F-E38D-42B2-BFAC-E3489C4ECC1F}.Debug|Any CPU.Build.0 = Debug|Any CPU
		{98EDE16F-E38D-42B2-BFAC-E3489C4ECC1F}.Debug|Mixed Platforms.ActiveCfg = Debug|Any CPU
		{98EDE16F-E38D-42B2-BFAC-E3489C4ECC1F}.Debug|Mixed Platforms.Build.0 = Debug|Any CPU
		{98EDE16F-E38D-42B2-BFAC-E3489C4ECC1F}.Debug|x86.ActiveCfg = Debug|Any CPU
		{98EDE16F-E38D-42B2-BFAC-E3489C4ECC1F}.Release|Any CPU.ActiveCfg = Release|Any CPU
		{98EDE16F-E38D-42B2-BFAC-E3489C4ECC1F}.Release|Any CPU.Build.0 = Release|Any CPU
		{98EDE16F-E38D-42B2-BFAC-E3489C4ECC1F}.Release|Mixed Platforms.ActiveCfg = Release|Any CPU
		{98EDE16F-E38D-42B2-BFAC-E3489C4ECC1F}.Release|Mixed Platforms.Build.0 = Release|Any CPU
		{98EDE16F-E38D-42B2-BFAC-E3489C4ECC1F}.Release|x86.ActiveCfg = Release|Any CPU
		{35BDB814-83AE-4FF4-93C7-C04FAC610E75}.Debug|Any CPU.ActiveCfg = Debug|x86
		{35BDB814-83AE-4FF4-93C7-C04FAC610E75}.Debug|Mixed Platforms.ActiveCfg = Debug|x86
		{35BDB814-83AE-4FF4-93C7-C04FAC610E75}.Debug|Mixed Platforms.Build.0 = Debug|x86
		{35BDB814-83AE-4FF4-93C7-C04FAC610E75}.Debug|x86.ActiveCfg = Debug|x86
		{35BDB814-83AE-4FF4-93C7-C04FAC610E75}.Debug|x86.Build.0 = Debug|x86
		{35BDB814-83AE-4FF4-93C7-C04FAC610E75}.Release|Any CPU.ActiveCfg = Release|x86
		{35BDB814-83AE-4FF4-93C7-C04FAC610E75}.Release|Mixed Platforms.ActiveCfg = Release|x86
		{35BDB814-83AE-4FF4-93C7-C04FAC610E75}.Release|Mixed Platforms.Build.0 = Release|x86
		{35BDB814-83AE-4FF4-93C7-C04FAC610E75}.Release|x86.ActiveCfg = Release|x86
		{35BDB814-83AE-4FF4-93C7-C04FAC610E75}.Release|x86.Build.0 = Release|x86
		{7C616735-FE08-4ADE-97F7-1F3305520248}.Debug|Any CPU.ActiveCfg = Debug|x86
		{7C616735-FE08-4ADE-97F7-1F3305520248}.Debug|Mixed Platforms.ActiveCfg = Debug|Any CPU
		{7C616735-FE08-4ADE-97F7-1F3305520248}.Debug|Mixed Platforms.Build.0 = Debug|Any CPU
		{7C616735-FE08-4ADE-97F7-1F3305520248}.Debug|x86.ActiveCfg = Debug|x86
		{7C616735-FE08-4ADE-97F7-1F3305520248}.Debug|x86.Build.0 = Debug|x86
		{7C616735-FE08-4ADE-97F7-1F3305520248}.Release|Any CPU.ActiveCfg = Release|x86
		{7C616735-FE08-4ADE-97F7-1F3305520248}.Release|Mixed Platforms.ActiveCfg = Release|Any CPU
		{7C616735-FE08-4ADE-97F7-1F3305520248}.Release|Mixed Platforms.Build.0 = Release|Any CPU
		{7C616735-FE08-4ADE-97F7-1F3305520248}.Release|x86.ActiveCfg = Release|x86
		{7C616735-FE08-4ADE-97F7-1F3305520248}.Release|x86.Build.0 = Release|x86
		{44492B39-159E-454D-A41A-B3C3FCBC7A99}.Debug|Any CPU.ActiveCfg = Debug|x86
		{44492B39-159E-454D-A41A-B3C3FCBC7A99}.Debug|Mixed Platforms.ActiveCfg = Debug|x86
		{44492B39-159E-454D-A41A-B3C3FCBC7A99}.Debug|Mixed Platforms.Build.0 = Debug|x86
		{44492B39-159E-454D-A41A-B3C3FCBC7A99}.Debug|x86.ActiveCfg = Debug|x86
		{44492B39-159E-454D-A41A-B3C3FCBC7A99}.Debug|x86.Build.0 = Debug|x86
		{44492B39-159E-454D-A41A-B3C3FCBC7A99}.Release|Any CPU.ActiveCfg = Release|x86
		{44492B39-159E-454D-A41A-B3C3FCBC7A99}.Release|Mixed Platforms.ActiveCfg = Release|x86
		{44492B39-159E-454D-A41A-B3C3FCBC7A99}.Release|Mixed Platforms.Build.0 = Release|x86
		{44492B39-159E-454D-A41A-B3C3FCBC7A99}.Release|x86.ActiveCfg = Release|x86
		{44492B39-159E-454D-A41A-B3C3FCBC7A99}.Release|x86.Build.0 = Release|x86
		{97EA3D81-29B6-4A81-AFB7-111A415F4BD5}.Debug|Any CPU.ActiveCfg = Debug|Any CPU
		{97EA3D81-29B6-4A81-AFB7-111A415F4BD5}.Debug|Any CPU.Build.0 = Debug|Any CPU
		{97EA3D81-29B6-4A81-AFB7-111A415F4BD5}.Debug|Mixed Platforms.ActiveCfg = Debug|Any CPU
		{97EA3D81-29B6-4A81-AFB7-111A415F4BD5}.Debug|Mixed Platforms.Build.0 = Debug|Any CPU
		{97EA3D81-29B6-4A81-AFB7-111A415F4BD5}.Debug|x86.ActiveCfg = Debug|Any CPU
		{97EA3D81-29B6-4A81-AFB7-111A415F4BD5}.Release|Any CPU.ActiveCfg = Release|Any CPU
		{97EA3D81-29B6-4A81-AFB7-111A415F4BD5}.Release|Any CPU.Build.0 = Release|Any CPU
		{97EA3D81-29B6-4A81-AFB7-111A415F4BD5}.Release|Mixed Platforms.ActiveCfg = Release|Any CPU
		{97EA3D81-29B6-4A81-AFB7-111A415F4BD5}.Release|Mixed Platforms.Build.0 = Release|Any CPU
		{97EA3D81-29B6-4A81-AFB7-111A415F4BD5}.Release|x86.ActiveCfg = Release|Any CPU
		{33B0AB12-AEDE-4187-991B-4B349A81AD84}.Debug|Any CPU.ActiveCfg = Debug|Any CPU
		{33B0AB12-AEDE-4187-991B-4B349A81AD84}.Debug|Any CPU.Build.0 = Debug|Any CPU
		{33B0AB12-AEDE-4187-991B-4B349A81AD84}.Debug|Mixed Platforms.ActiveCfg = Debug|Any CPU
		{33B0AB12-AEDE-4187-991B-4B349A81AD84}.Debug|Mixed Platforms.Build.0 = Debug|Any CPU
		{33B0AB12-AEDE-4187-991B-4B349A81AD84}.Debug|x86.ActiveCfg = Debug|Any CPU
		{33B0AB12-AEDE-4187-991B-4B349A81AD84}.Release|Any CPU.ActiveCfg = Release|Any CPU
		{33B0AB12-AEDE-4187-991B-4B349A81AD84}.Release|Any CPU.Build.0 = Release|Any CPU
		{33B0AB12-AEDE-4187-991B-4B349A81AD84}.Release|Mixed Platforms.ActiveCfg = Release|Any CPU
		{33B0AB12-AEDE-4187-991B-4B349A81AD84}.Release|Mixed Platforms.Build.0 = Release|Any CPU
		{33B0AB12-AEDE-4187-991B-4B349A81AD84}.Release|x86.ActiveCfg = Release|Any CPU
		{41211EFF-F286-4DFA-8BF4-B46A16087C42}.Debug|Any CPU.ActiveCfg = Debug|Any CPU
		{41211EFF-F286-4DFA-8BF4-B46A16087C42}.Debug|Any CPU.Build.0 = Debug|Any CPU
		{41211EFF-F286-4DFA-8BF4-B46A16087C42}.Debug|Mixed Platforms.ActiveCfg = Debug|Any CPU
		{41211EFF-F286-4DFA-8BF4-B46A16087C42}.Debug|Mixed Platforms.Build.0 = Debug|Any CPU
		{41211EFF-F286-4DFA-8BF4-B46A16087C42}.Debug|x86.ActiveCfg = Debug|Any CPU
		{41211EFF-F286-4DFA-8BF4-B46A16087C42}.Release|Any CPU.ActiveCfg = Release|Any CPU
		{41211EFF-F286-4DFA-8BF4-B46A16087C42}.Release|Any CPU.Build.0 = Release|Any CPU
		{41211EFF-F286-4DFA-8BF4-B46A16087C42}.Release|Mixed Platforms.ActiveCfg = Release|Any CPU
		{41211EFF-F286-4DFA-8BF4-B46A16087C42}.Release|Mixed Platforms.Build.0 = Release|Any CPU
		{41211EFF-F286-4DFA-8BF4-B46A16087C42}.Release|x86.ActiveCfg = Release|Any CPU
		{1D6E6912-9447-4230-A7D6-B946C46CCB09}.Debug|Any CPU.ActiveCfg = Debug|x86
		{1D6E6912-9447-4230-A7D6-B946C46CCB09}.Debug|Mixed Platforms.ActiveCfg = Debug|Any CPU
		{1D6E6912-9447-4230-A7D6-B946C46CCB09}.Debug|Mixed Platforms.Build.0 = Debug|Any CPU
		{1D6E6912-9447-4230-A7D6-B946C46CCB09}.Debug|x86.ActiveCfg = Debug|x86
		{1D6E6912-9447-4230-A7D6-B946C46CCB09}.Debug|x86.Build.0 = Debug|x86
		{1D6E6912-9447-4230-A7D6-B946C46CCB09}.Release|Any CPU.ActiveCfg = Release|x86
		{1D6E6912-9447-4230-A7D6-B946C46CCB09}.Release|Mixed Platforms.ActiveCfg = Release|Any CPU
		{1D6E6912-9447-4230-A7D6-B946C46CCB09}.Release|Mixed Platforms.Build.0 = Release|Any CPU
		{1D6E6912-9447-4230-A7D6-B946C46CCB09}.Release|x86.ActiveCfg = Release|x86
		{1D6E6912-9447-4230-A7D6-B946C46CCB09}.Release|x86.Build.0 = Release|x86
		{6BC81DDC-3B2A-454F-B988-AA3A34B1D75F}.Debug|Any CPU.ActiveCfg = Debug|x86
		{6BC81DDC-3B2A-454F-B988-AA3A34B1D75F}.Debug|Mixed Platforms.ActiveCfg = Debug|Any CPU
		{6BC81DDC-3B2A-454F-B988-AA3A34B1D75F}.Debug|Mixed Platforms.Build.0 = Debug|Any CPU
		{6BC81DDC-3B2A-454F-B988-AA3A34B1D75F}.Debug|x86.ActiveCfg = Debug|x86
		{6BC81DDC-3B2A-454F-B988-AA3A34B1D75F}.Debug|x86.Build.0 = Debug|x86
		{6BC81DDC-3B2A-454F-B988-AA3A34B1D75F}.Release|Any CPU.ActiveCfg = Release|x86
		{6BC81DDC-3B2A-454F-B988-AA3A34B1D75F}.Release|Mixed Platforms.ActiveCfg = Release|Any CPU
		{6BC81DDC-3B2A-454F-B988-AA3A34B1D75F}.Release|Mixed Platforms.Build.0 = Release|Any CPU
		{6BC81DDC-3B2A-454F-B988-AA3A34B1D75F}.Release|x86.ActiveCfg = Release|x86
		{6BC81DDC-3B2A-454F-B988-AA3A34B1D75F}.Release|x86.Build.0 = Release|x86
		{9D57AEA1-4080-427F-AE90-B71EEEF111B0}.Debug|Any CPU.ActiveCfg = Debug|x86
		{9D57AEA1-4080-427F-AE90-B71EEEF111B0}.Debug|Mixed Platforms.ActiveCfg = Debug|Any CPU
		{9D57AEA1-4080-427F-AE90-B71EEEF111B0}.Debug|Mixed Platforms.Build.0 = Debug|Any CPU
		{9D57AEA1-4080-427F-AE90-B71EEEF111B0}.Debug|x86.ActiveCfg = Debug|x86
		{9D57AEA1-4080-427F-AE90-B71EEEF111B0}.Debug|x86.Build.0 = Debug|x86
		{9D57AEA1-4080-427F-AE90-B71EEEF111B0}.Release|Any CPU.ActiveCfg = Release|x86
		{9D57AEA1-4080-427F-AE90-B71EEEF111B0}.Release|Mixed Platforms.ActiveCfg = Release|Any CPU
		{9D57AEA1-4080-427F-AE90-B71EEEF111B0}.Release|Mixed Platforms.Build.0 = Release|Any CPU
		{9D57AEA1-4080-427F-AE90-B71EEEF111B0}.Release|x86.ActiveCfg = Release|x86
		{9D57AEA1-4080-427F-AE90-B71EEEF111B0}.Release|x86.Build.0 = Release|x86
		{5B0207E6-611D-45CA-848F-E150DB2ED369}.Debug|Any CPU.ActiveCfg = Debug|x86
		{5B0207E6-611D-45CA-848F-E150DB2ED369}.Debug|Mixed Platforms.ActiveCfg = Debug|x86
		{5B0207E6-611D-45CA-848F-E150DB2ED369}.Debug|Mixed Platforms.Build.0 = Debug|x86
		{5B0207E6-611D-45CA-848F-E150DB2ED369}.Debug|x86.ActiveCfg = Debug|x86
		{5B0207E6-611D-45CA-848F-E150DB2ED369}.Debug|x86.Build.0 = Debug|x86
		{5B0207E6-611D-45CA-848F-E150DB2ED369}.Release|Any CPU.ActiveCfg = Release|x86
		{5B0207E6-611D-45CA-848F-E150DB2ED369}.Release|Mixed Platforms.ActiveCfg = Release|x86
		{5B0207E6-611D-45CA-848F-E150DB2ED369}.Release|Mixed Platforms.Build.0 = Release|x86
		{5B0207E6-611D-45CA-848F-E150DB2ED369}.Release|x86.ActiveCfg = Release|x86
		{5B0207E6-611D-45CA-848F-E150DB2ED369}.Release|x86.Build.0 = Release|x86
	EndGlobalSection
	GlobalSection(SolutionProperties) = preSolution
		HideSolutionNode = FALSE
	EndGlobalSection
	GlobalSection(NestedProjects) = preSolution
		{1A4F5B51-E04D-4B92-A563-54C33BE3FF53} = {6F5985E7-BA4F-4051-8F9D-4A7A59F17286}
		{FAB5871C-E652-41B1-91C9-6B19024DD178} = {6F5985E7-BA4F-4051-8F9D-4A7A59F17286}
		{05187396-B99C-4AE8-8416-CB1C0B01307B} = {1A4F5B51-E04D-4B92-A563-54C33BE3FF53}
		{98EDE16F-E38D-42B2-BFAC-E3489C4ECC1F} = {1A4F5B51-E04D-4B92-A563-54C33BE3FF53}
		{45362B94-13EF-4D9F-A071-DF1E870829CD} = {1A4F5B51-E04D-4B92-A563-54C33BE3FF53}
		{E3712B53-607B-4AB1-BEA6-518F6D52A461} = {1A4F5B51-E04D-4B92-A563-54C33BE3FF53}
		{9D57AEA1-4080-427F-AE90-B71EEEF111B0} = {1A4F5B51-E04D-4B92-A563-54C33BE3FF53}
		{5B0207E6-611D-45CA-848F-E150DB2ED369} = {1A4F5B51-E04D-4B92-A563-54C33BE3FF53}
		{6BC81DDC-3B2A-454F-B988-AA3A34B1D75F} = {1A4F5B51-E04D-4B92-A563-54C33BE3FF53}
		{1D6E6912-9447-4230-A7D6-B946C46CCB09} = {1A4F5B51-E04D-4B92-A563-54C33BE3FF53}
		{7710AB52-62CD-465F-A0E8-5BFDD8E51B21} = {FAB5871C-E652-41B1-91C9-6B19024DD178}
		{774F575A-4974-4480-A700-08F996F2A929} = {FAB5871C-E652-41B1-91C9-6B19024DD178}
		{9F339969-5D20-42B7-B426-BAB37DF28494} = {FAB5871C-E652-41B1-91C9-6B19024DD178}
		{97EA3D81-29B6-4A81-AFB7-111A415F4BD5} = {FAB5871C-E652-41B1-91C9-6B19024DD178}
		{6EE5AE6F-4CFB-4387-80D9-E6330EB5A9F7} = {249356A5-0C0A-44FD-9DD8-5B748BCFA461}
		{7C616735-FE08-4ADE-97F7-1F3305520248} = {6EE5AE6F-4CFB-4387-80D9-E6330EB5A9F7}
		{44492B39-159E-454D-A41A-B3C3FCBC7A99} = {6EE5AE6F-4CFB-4387-80D9-E6330EB5A9F7}
		{33B0AB12-AEDE-4187-991B-4B349A81AD84} = {6EE5AE6F-4CFB-4387-80D9-E6330EB5A9F7}
		{41211EFF-F286-4DFA-8BF4-B46A16087C42} = {6EE5AE6F-4CFB-4387-80D9-E6330EB5A9F7}
	EndGlobalSection
EndGlobal
